
Microsoft Visual Studio Solution File, Format Version 12.00
Project("{FAE04EC0-301F-11D3-BF4B-00C04F79EFBC}") = "Api", "Api\Api.csproj", "{960B1104-B4CF-40FA-AE1E-8C8CBC4E71B5}"
EndProject
Project("{FAE04EC0-301F-11D3-BF4B-00C04F79EFBC}") = "Domain", "Domain\Domain.csproj", "{A00796DA-24B7-41BA-B0DD-97D7AD944CEF}"
EndProject
Project("{FAE04EC0-301F-11D3-BF4B-00C04F79EFBC}") = "Application", "Application\Application.csproj", "{8257813E-11F0-477B-BE21-7BB66DA4F7A2}"
EndProject
Project("{FAE04EC0-301F-11D3-BF4B-00C04F79EFBC}") = "Infrastructure", "Infrastructure\Infrastructure.csproj", "{B9169E9E-0699-48FA-BB49-FA2210EE5FE6}"
EndProject
Global
	GlobalSection(SolutionConfigurationPlatforms) = preSolution
		Debug|Any CPU = Debug|Any CPU
		Release|Any CPU = Release|Any CPU
	EndGlobalSection
	GlobalSection(ProjectConfigurationPlatforms) = postSolution
		{960B1104-B4CF-40FA-AE1E-8C8CBC4E71B5}.Debug|Any CPU.ActiveCfg = Debug|Any CPU
		{960B1104-B4CF-40FA-AE1E-8C8CBC4E71B5}.Debug|Any CPU.Build.0 = Debug|Any CPU
		{960B1104-B4CF-40FA-AE1E-8C8CBC4E71B5}.Release|Any CPU.ActiveCfg = Release|Any CPU
		{960B1104-B4CF-40FA-AE1E-8C8CBC4E71B5}.Release|Any CPU.Build.0 = Release|Any CPU
		{A00796DA-24B7-41BA-B0DD-97D7AD944CEF}.Debug|Any CPU.ActiveCfg = Debug|Any CPU
		{A00796DA-24B7-41BA-B0DD-97D7AD944CEF}.Debug|Any CPU.Build.0 = Debug|Any CPU
		{A00796DA-24B7-41BA-B0DD-97D7AD944CEF}.Release|Any CPU.ActiveCfg = Release|Any CPU
		{A00796DA-24B7-41BA-B0DD-97D7AD944CEF}.Release|Any CPU.Build.0 = Release|Any CPU
		{8257813E-11F0-477B-BE21-7BB66DA4F7A2}.Debug|Any CPU.ActiveCfg = Debug|Any CPU
		{8257813E-11F0-477B-BE21-7BB66DA4F7A2}.Debug|Any CPU.Build.0 = Debug|Any CPU
		{8257813E-11F0-477B-BE21-7BB66DA4F7A2}.Release|Any CPU.ActiveCfg = Release|Any CPU
		{8257813E-11F0-477B-BE21-7BB66DA4F7A2}.Release|Any CPU.Build.0 = Release|Any CPU
		{B9169E9E-0699-48FA-BB49-FA2210EE5FE6}.Debug|Any CPU.ActiveCfg = Debug|Any CPU
		{B9169E9E-0699-48FA-BB49-FA2210EE5FE6}.Debug|Any CPU.Build.0 = Debug|Any CPU
		{B9169E9E-0699-48FA-BB49-FA2210EE5FE6}.Release|Any CPU.ActiveCfg = Release|Any CPU
		{B9169E9E-0699-48FA-BB49-FA2210EE5FE6}.Release|Any CPU.Build.0 = Release|Any CPU
	EndGlobalSection
EndGlobal
